
Microsoft Visual Studio Solution File, Format Version 12.00
# Visual Studio Version 17
VisualStudioVersion = 17.9.34728.123
MinimumVisualStudioVersion = 10.0.40219.1
Project("{FAE04EC0-301F-11D3-BF4B-00C04F79EFBC}") = "UnityServe", "UnityServe.csproj", "{F824B6C1-6856-45D8-B351-74AEBF9B6A9A}"
EndProject
Global
	GlobalSection(SolutionConfigurationPlatforms) = preSolution
		Debug|Any CPU = Debug|Any CPU
		Release|Any CPU = Release|Any CPU
	EndGlobalSection
	GlobalSection(ProjectConfigurationPlatforms) = postSolution
		{F824B6C1-6856-45D8-B351-74AEBF9B6A9A}.Debug|Any CPU.ActiveCfg = Debug|Any CPU
		{F824B6C1-6856-45D8-B351-74AEBF9B6A9A}.Debug|Any CPU.Build.0 = Debug|Any CPU
		{F824B6C1-6856-45D8-B351-74AEBF9B6A9A}.Release|Any CPU.ActiveCfg = Release|Any CPU
		{F824B6C1-6856-45D8-B351-74AEBF9B6A9A}.Release|Any CPU.Build.0 = Release|Any CPU
	EndGlobalSection
	GlobalSection(SolutionProperties) = preSolution
		HideSolutionNode = FALSE
	EndGlobalSection
	GlobalSection(ExtensibilityGlobals) = postSolution
		SolutionGuid = {513C737B-9A4C-48F1-B33E-5441D259680B}
	EndGlobalSection
EndGlobal
